// !$*UTF8*$!
{
	archiveVersion = 1;
	classes = {
	};
	objectVersion = 56;
	objects = {

/* Begin PBXBuildFile section */
		3A2F2C3329DD1AA30050DB6C /* MainViewController.swift in Sources */ = {isa = PBXBuildFile; fileRef = 3A2F2C3229DD1AA30050DB6C /* MainViewController.swift */; };
		3A4A11EA29A9B8B10026E07D /* FirebaseAnalytics in Frameworks */ = {isa = PBXBuildFile; productRef = 3A4A11E929A9B8B10026E07D /* FirebaseAnalytics */; };
		3A4A11EC29A9B8B10026E07D /* FirebaseAnalyticsOnDeviceConversion in Frameworks */ = {isa = PBXBuildFile; productRef = 3A4A11EB29A9B8B10026E07D /* FirebaseAnalyticsOnDeviceConversion */; };
		3A4A11EE29A9B8B10026E07D /* FirebaseAnalyticsSwift in Frameworks */ = {isa = PBXBuildFile; productRef = 3A4A11ED29A9B8B10026E07D /* FirebaseAnalyticsSwift */; };
		3A4A11F029A9B8B10026E07D /* FirebaseAnalyticsWithoutAdIdSupport in Frameworks */ = {isa = PBXBuildFile; productRef = 3A4A11EF29A9B8B10026E07D /* FirebaseAnalyticsWithoutAdIdSupport */; };
		3A4A11F229A9B8B10026E07D /* FirebaseAppCheck in Frameworks */ = {isa = PBXBuildFile; productRef = 3A4A11F129A9B8B10026E07D /* FirebaseAppCheck */; };
		3A4A11F429A9B8B10026E07D /* FirebaseAppDistribution-Beta in Frameworks */ = {isa = PBXBuildFile; productRef = 3A4A11F329A9B8B10026E07D /* FirebaseAppDistribution-Beta */; };
		3A4A11F629A9B8B10026E07D /* FirebaseAuth in Frameworks */ = {isa = PBXBuildFile; productRef = 3A4A11F529A9B8B10026E07D /* FirebaseAuth */; };
		3A4A11F829A9B8B10026E07D /* FirebaseAuthCombine-Community in Frameworks */ = {isa = PBXBuildFile; productRef = 3A4A11F729A9B8B10026E07D /* FirebaseAuthCombine-Community */; };
		3A4A11FA29A9B8B10026E07D /* FirebaseCrashlytics in Frameworks */ = {isa = PBXBuildFile; productRef = 3A4A11F929A9B8B10026E07D /* FirebaseCrashlytics */; };
		3A4A11FC29A9B8B10026E07D /* FirebaseDatabase in Frameworks */ = {isa = PBXBuildFile; productRef = 3A4A11FB29A9B8B10026E07D /* FirebaseDatabase */; };
		3A4A11FE29A9B8B10026E07D /* FirebaseDatabaseSwift in Frameworks */ = {isa = PBXBuildFile; productRef = 3A4A11FD29A9B8B10026E07D /* FirebaseDatabaseSwift */; };
		3A4A120029A9B8B10026E07D /* FirebaseDynamicLinks in Frameworks */ = {isa = PBXBuildFile; productRef = 3A4A11FF29A9B8B10026E07D /* FirebaseDynamicLinks */; };
		3A4A120229A9B8B10026E07D /* FirebaseFirestore in Frameworks */ = {isa = PBXBuildFile; productRef = 3A4A120129A9B8B10026E07D /* FirebaseFirestore */; };
		3A4A120429A9B8B10026E07D /* FirebaseFirestoreCombine-Community in Frameworks */ = {isa = PBXBuildFile; productRef = 3A4A120329A9B8B10026E07D /* FirebaseFirestoreCombine-Community */; };
		3A4A120629A9B8B10026E07D /* FirebaseFirestoreSwift in Frameworks */ = {isa = PBXBuildFile; productRef = 3A4A120529A9B8B10026E07D /* FirebaseFirestoreSwift */; };
		3A4A120829A9B8B10026E07D /* FirebaseFunctions in Frameworks */ = {isa = PBXBuildFile; productRef = 3A4A120729A9B8B10026E07D /* FirebaseFunctions */; };
		3A4A120A29A9B8B10026E07D /* FirebaseFunctionsCombine-Community in Frameworks */ = {isa = PBXBuildFile; productRef = 3A4A120929A9B8B10026E07D /* FirebaseFunctionsCombine-Community */; };
		3A4A120C29A9B8B10026E07D /* FirebaseInAppMessaging-Beta in Frameworks */ = {isa = PBXBuildFile; productRef = 3A4A120B29A9B8B10026E07D /* FirebaseInAppMessaging-Beta */; };
		3A4A120E29A9B8B10026E07D /* FirebaseInAppMessagingSwift-Beta in Frameworks */ = {isa = PBXBuildFile; productRef = 3A4A120D29A9B8B10026E07D /* FirebaseInAppMessagingSwift-Beta */; };
		3A4A121029A9B8B10026E07D /* FirebaseInstallations in Frameworks */ = {isa = PBXBuildFile; productRef = 3A4A120F29A9B8B10026E07D /* FirebaseInstallations */; };
		3A4A121229A9B8B10026E07D /* FirebaseMLModelDownloader in Frameworks */ = {isa = PBXBuildFile; productRef = 3A4A121129A9B8B10026E07D /* FirebaseMLModelDownloader */; };
		3A4A121429A9B8B10026E07D /* FirebaseMessaging in Frameworks */ = {isa = PBXBuildFile; productRef = 3A4A121329A9B8B10026E07D /* FirebaseMessaging */; };
		3A4A121629A9B8B10026E07D /* FirebasePerformance in Frameworks */ = {isa = PBXBuildFile; productRef = 3A4A121529A9B8B10026E07D /* FirebasePerformance */; };
		3A4A121829A9B8B10026E07D /* FirebaseRemoteConfig in Frameworks */ = {isa = PBXBuildFile; productRef = 3A4A121729A9B8B10026E07D /* FirebaseRemoteConfig */; };
		3A4A121A29A9B8B10026E07D /* FirebaseRemoteConfigSwift in Frameworks */ = {isa = PBXBuildFile; productRef = 3A4A121929A9B8B10026E07D /* FirebaseRemoteConfigSwift */; };
		3A4A121C29A9B8B10026E07D /* FirebaseStorage in Frameworks */ = {isa = PBXBuildFile; productRef = 3A4A121B29A9B8B10026E07D /* FirebaseStorage */; };
		3A4A121E29A9B8B10026E07D /* FirebaseStorageCombine-Community in Frameworks */ = {isa = PBXBuildFile; productRef = 3A4A121D29A9B8B10026E07D /* FirebaseStorageCombine-Community */; };
		3A6341E42939100600A8D938 /* ChatView.swift in Sources */ = {isa = PBXBuildFile; fileRef = 3A6341E32939100500A8D938 /* ChatView.swift */; };
		3A79AFCA29B021D4002E0F6A /* NewEventTemplate.swift in Sources */ = {isa = PBXBuildFile; fileRef = 3A79AFC929B021D4002E0F6A /* NewEventTemplate.swift */; };
		3A95752929C2E83100C91382 /* UserStateViewModel.swift in Sources */ = {isa = PBXBuildFile; fileRef = 3A95752829C2E83100C91382 /* UserStateViewModel.swift */; };
		3ABCF24329F1F27400F68454 /* Template Views in Resources */ = {isa = PBXBuildFile; fileRef = 3ABCF24229F1F27400F68454 /* Template Views */; };
		3ABCF25A29F1F95000F68454 /* Soccer.swift in Sources */ = {isa = PBXBuildFile; fileRef = 3ABCF25229F1F95000F68454 /* Soccer.swift */; };
		3ABCF25B29F1F95000F68454 /* SportsTemplateView.swift in Sources */ = {isa = PBXBuildFile; fileRef = 3ABCF25329F1F95000F68454 /* SportsTemplateView.swift */; };
		3ABCF25C29F1F95000F68454 /* Lacrosse.swift in Sources */ = {isa = PBXBuildFile; fileRef = 3ABCF25429F1F95000F68454 /* Lacrosse.swift */; };
		3ABCF25D29F1F95000F68454 /* Golf.swift in Sources */ = {isa = PBXBuildFile; fileRef = 3ABCF25529F1F95000F68454 /* Golf.swift */; };
		3ABCF25E29F1F95000F68454 /* Softball.swift in Sources */ = {isa = PBXBuildFile; fileRef = 3ABCF25629F1F95000F68454 /* Softball.swift */; };
		3ABCF25F29F1F95000F68454 /* Baseball.swift in Sources */ = {isa = PBXBuildFile; fileRef = 3ABCF25729F1F95000F68454 /* Baseball.swift */; };
		3ABCF26029F1F95000F68454 /* Tennis.swift in Sources */ = {isa = PBXBuildFile; fileRef = 3ABCF25829F1F95000F68454 /* Tennis.swift */; };
		3ABCF26129F1F95000F68454 /* Basketball.swift in Sources */ = {isa = PBXBuildFile; fileRef = 3ABCF25929F1F95000F68454 /* Basketball.swift */; };
		3ABCF26329F1FA3F00F68454 /* CreateAccountView.swift in Sources */ = {isa = PBXBuildFile; fileRef = 3ABCF26229F1FA3F00F68454 /* CreateAccountView.swift */; };
		3ACEEB67299564CC00609E16 /* HelpPageView.swift in Sources */ = {isa = PBXBuildFile; fileRef = 3ACEEB66299564CB00609E16 /* HelpPageView.swift */; };
		A132B52F290448B7003C932E /* GimmeStatsView.swift in Sources */ = {isa = PBXBuildFile; fileRef = A132B52E290448B7003C932E /* GimmeStatsView.swift */; };
		A132B531290449D4003C932E /* GimmeStats.swift in Sources */ = {isa = PBXBuildFile; fileRef = A132B530290449D4003C932E /* GimmeStats.swift */; };
		A132B533290449F6003C932E /* GimmeStatsViewModel.swift in Sources */ = {isa = PBXBuildFile; fileRef = A132B532290449F6003C932E /* GimmeStatsViewModel.swift */; };
		A132B53529044BB2003C932E /* AthleteProfileViewLayout.swift in Sources */ = {isa = PBXBuildFile; fileRef = A132B53429044BB2003C932E /* AthleteProfileViewLayout.swift */; };
		A132B53729044BC5003C932E /* CoachProfileView.swift in Sources */ = {isa = PBXBuildFile; fileRef = A132B53629044BC5003C932E /* CoachProfileView.swift */; };
		A160D687290446790017649C /* GimmeStatsApp.swift in Sources */ = {isa = PBXBuildFile; fileRef = A160D686290446790017649C /* GimmeStatsApp.swift */; };
		A160D68B2904467A0017649C /* Assets.xcassets in Resources */ = {isa = PBXBuildFile; fileRef = A160D68A2904467A0017649C /* Assets.xcassets */; };
		A160D68E2904467A0017649C /* Preview Assets.xcassets in Resources */ = {isa = PBXBuildFile; fileRef = A160D68D2904467A0017649C /* Preview Assets.xcassets */; };
		A160D6982904471E0017649C /* InitialView.swift in Sources */ = {isa = PBXBuildFile; fileRef = A160D6972904471E0017649C /* InitialView.swift */; };
		A1661AC32912D4F10006B2DD /* View.swift in Sources */ = {isa = PBXBuildFile; fileRef = A1661AC22912D4F10006B2DD /* View.swift */; };
		A1661AC529135C010006B2DD /* LoginView.swift in Sources */ = {isa = PBXBuildFile; fileRef = A1661AC429135C010006B2DD /* LoginView.swift */; };
		A1661AC9291C4FD40006B2DD /* GoogleService-Info.plist in Resources */ = {isa = PBXBuildFile; fileRef = A1661AC8291C4FD40006B2DD /* GoogleService-Info.plist */; };
		A1661B0C291DA24F0006B2DD /* DataManager.swift in Sources */ = {isa = PBXBuildFile; fileRef = A1661B0B291DA24F0006B2DD /* DataManager.swift */; };
		A1661B182926E4240006B2DD /* ProfileView.swift in Sources */ = {isa = PBXBuildFile; fileRef = A1661B112926E4240006B2DD /* ProfileView.swift */; };
		A1661B192926E4240006B2DD /* HomeTab.swift in Sources */ = {isa = PBXBuildFile; fileRef = A1661B122926E4240006B2DD /* HomeTab.swift */; };
		A1661B1A2926E4240006B2DD /* MessageTab.swift in Sources */ = {isa = PBXBuildFile; fileRef = A1661B132926E4240006B2DD /* MessageTab.swift */; };
		A1661B1B2926E4240006B2DD /* FeedView.swift in Sources */ = {isa = PBXBuildFile; fileRef = A1661B142926E4240006B2DD /* FeedView.swift */; };
		A1661B1C2926E4240006B2DD /* MenuView.swift in Sources */ = {isa = PBXBuildFile; fileRef = A1661B152926E4240006B2DD /* MenuView.swift */; };
		A1661B202926E49C0006B2DD /* SideMenu.swift in Sources */ = {isa = PBXBuildFile; fileRef = A1661B1E2926E49C0006B2DD /* SideMenu.swift */; };
		A1661B212926E49C0006B2DD /* TabNavigation.swift in Sources */ = {isa = PBXBuildFile; fileRef = A1661B1F2926E49C0006B2DD /* TabNavigation.swift */; };
		A1661B31292B20180006B2DD /* Calendar.swift in Sources */ = {isa = PBXBuildFile; fileRef = A1661B30292B20180006B2DD /* Calendar.swift */; };
		A1F8DB5A2982F81400A39C18 /* ResetPassword.swift in Sources */ = {isa = PBXBuildFile; fileRef = A1F8DB592982F81400A39C18 /* ResetPassword.swift */; };
		A1F8DB7A29947D9300A39C18 /* SettingsView.swift in Sources */ = {isa = PBXBuildFile; fileRef = A1F8DB7929947D9200A39C18 /* SettingsView.swift */; };
/* End PBXBuildFile section */

/* Begin PBXFileReference section */
		3A2F2C3229DD1AA30050DB6C /* MainViewController.swift */ = {isa = PBXFileReference; lastKnownFileType = sourcecode.swift; path = MainViewController.swift; sourceTree = "<group>"; };
		3A6341E32939100500A8D938 /* ChatView.swift */ = {isa = PBXFileReference; lastKnownFileType = sourcecode.swift; path = ChatView.swift; sourceTree = "<group>"; };
		3A79AFC929B021D4002E0F6A /* NewEventTemplate.swift */ = {isa = PBXFileReference; fileEncoding = 4; lastKnownFileType = sourcecode.swift; name = NewEventTemplate.swift; path = Message/NewEventTemplate.swift; sourceTree = "<group>"; };
		3A95752829C2E83100C91382 /* UserStateViewModel.swift */ = {isa = PBXFileReference; lastKnownFileType = sourcecode.swift; path = UserStateViewModel.swift; sourceTree = "<group>"; };
		3ABCF24229F1F27400F68454 /* Template Views */ = {isa = PBXFileReference; lastKnownFileType = folder; path = "Template Views"; sourceTree = "<group>"; };
		3ABCF25229F1F95000F68454 /* Soccer.swift */ = {isa = PBXFileReference; fileEncoding = 4; lastKnownFileType = sourcecode.swift; path = Soccer.swift; sourceTree = "<group>"; };
		3ABCF25329F1F95000F68454 /* SportsTemplateView.swift */ = {isa = PBXFileReference; fileEncoding = 4; lastKnownFileType = sourcecode.swift; path = SportsTemplateView.swift; sourceTree = "<group>"; };
		3ABCF25429F1F95000F68454 /* Lacrosse.swift */ = {isa = PBXFileReference; fileEncoding = 4; lastKnownFileType = sourcecode.swift; path = Lacrosse.swift; sourceTree = "<group>"; };
		3ABCF25529F1F95000F68454 /* Golf.swift */ = {isa = PBXFileReference; fileEncoding = 4; lastKnownFileType = sourcecode.swift; path = Golf.swift; sourceTree = "<group>"; };
		3ABCF25629F1F95000F68454 /* Softball.swift */ = {isa = PBXFileReference; fileEncoding = 4; lastKnownFileType = sourcecode.swift; path = Softball.swift; sourceTree = "<group>"; };
		3ABCF25729F1F95000F68454 /* Baseball.swift */ = {isa = PBXFileReference; fileEncoding = 4; lastKnownFileType = sourcecode.swift; path = Baseball.swift; sourceTree = "<group>"; };
		3ABCF25829F1F95000F68454 /* Tennis.swift */ = {isa = PBXFileReference; fileEncoding = 4; lastKnownFileType = sourcecode.swift; path = Tennis.swift; sourceTree = "<group>"; };
		3ABCF25929F1F95000F68454 /* Basketball.swift */ = {isa = PBXFileReference; fileEncoding = 4; lastKnownFileType = sourcecode.swift; path = Basketball.swift; sourceTree = "<group>"; };
		3ABCF26229F1FA3F00F68454 /* CreateAccountView.swift */ = {isa = PBXFileReference; fileEncoding = 4; lastKnownFileType = sourcecode.swift; name = CreateAccountView.swift; path = ../../../../../Downloads/CreateAccountView.swift; sourceTree = "<group>"; };
		3ACEEB66299564CB00609E16 /* HelpPageView.swift */ = {isa = PBXFileReference; fileEncoding = 4; lastKnownFileType = sourcecode.swift; path = HelpPageView.swift; sourceTree = "<group>"; };
		A132B52E290448B7003C932E /* GimmeStatsView.swift */ = {isa = PBXFileReference; lastKnownFileType = sourcecode.swift; path = GimmeStatsView.swift; sourceTree = "<group>"; };
		A132B530290449D4003C932E /* GimmeStats.swift */ = {isa = PBXFileReference; lastKnownFileType = sourcecode.swift; path = GimmeStats.swift; sourceTree = "<group>"; };
		A132B532290449F6003C932E /* GimmeStatsViewModel.swift */ = {isa = PBXFileReference; lastKnownFileType = sourcecode.swift; path = GimmeStatsViewModel.swift; sourceTree = "<group>"; };
		A132B53429044BB2003C932E /* AthleteProfileViewLayout.swift */ = {isa = PBXFileReference; lastKnownFileType = sourcecode.swift; path = AthleteProfileViewLayout.swift; sourceTree = "<group>"; };
		A132B53629044BC5003C932E /* CoachProfileView.swift */ = {isa = PBXFileReference; lastKnownFileType = sourcecode.swift; path = CoachProfileView.swift; sourceTree = "<group>"; };
		A160D683290446790017649C /* GimmeStats.app */ = {isa = PBXFileReference; explicitFileType = wrapper.application; includeInIndex = 0; path = GimmeStats.app; sourceTree = BUILT_PRODUCTS_DIR; };
		A160D686290446790017649C /* GimmeStatsApp.swift */ = {isa = PBXFileReference; lastKnownFileType = sourcecode.swift; path = GimmeStatsApp.swift; sourceTree = "<group>"; };
		A160D68A2904467A0017649C /* Assets.xcassets */ = {isa = PBXFileReference; lastKnownFileType = folder.assetcatalog; path = Assets.xcassets; sourceTree = "<group>"; };
		A160D68D2904467A0017649C /* Preview Assets.xcassets */ = {isa = PBXFileReference; lastKnownFileType = folder.assetcatalog; path = "Preview Assets.xcassets"; sourceTree = "<group>"; };
		A160D6972904471E0017649C /* InitialView.swift */ = {isa = PBXFileReference; lastKnownFileType = sourcecode.swift; path = InitialView.swift; sourceTree = "<group>"; };
		A1661AC22912D4F10006B2DD /* View.swift */ = {isa = PBXFileReference; lastKnownFileType = sourcecode.swift; path = View.swift; sourceTree = "<group>"; };
		A1661AC429135C010006B2DD /* LoginView.swift */ = {isa = PBXFileReference; lastKnownFileType = sourcecode.swift; path = LoginView.swift; sourceTree = "<group>"; };
		A1661AC8291C4FD40006B2DD /* GoogleService-Info.plist */ = {isa = PBXFileReference; fileEncoding = 4; lastKnownFileType = text.plist.xml; path = "GoogleService-Info.plist"; sourceTree = "<group>"; };
		A1661B0B291DA24F0006B2DD /* DataManager.swift */ = {isa = PBXFileReference; lastKnownFileType = sourcecode.swift; path = DataManager.swift; sourceTree = "<group>"; };
		A1661B112926E4240006B2DD /* ProfileView.swift */ = {isa = PBXFileReference; fileEncoding = 4; lastKnownFileType = sourcecode.swift; path = ProfileView.swift; sourceTree = "<group>"; };
		A1661B122926E4240006B2DD /* HomeTab.swift */ = {isa = PBXFileReference; fileEncoding = 4; lastKnownFileType = sourcecode.swift; path = HomeTab.swift; sourceTree = "<group>"; };
		A1661B132926E4240006B2DD /* MessageTab.swift */ = {isa = PBXFileReference; fileEncoding = 4; lastKnownFileType = sourcecode.swift; path = MessageTab.swift; sourceTree = "<group>"; };
		A1661B142926E4240006B2DD /* FeedView.swift */ = {isa = PBXFileReference; fileEncoding = 4; lastKnownFileType = sourcecode.swift; path = FeedView.swift; sourceTree = "<group>"; };
		A1661B152926E4240006B2DD /* MenuView.swift */ = {isa = PBXFileReference; fileEncoding = 4; lastKnownFileType = sourcecode.swift; path = MenuView.swift; sourceTree = "<group>"; };
		A1661B1E2926E49C0006B2DD /* SideMenu.swift */ = {isa = PBXFileReference; fileEncoding = 4; lastKnownFileType = sourcecode.swift; path = SideMenu.swift; sourceTree = "<group>"; };
		A1661B1F2926E49C0006B2DD /* TabNavigation.swift */ = {isa = PBXFileReference; fileEncoding = 4; lastKnownFileType = sourcecode.swift; path = TabNavigation.swift; sourceTree = "<group>"; };
		A1661B30292B20180006B2DD /* Calendar.swift */ = {isa = PBXFileReference; lastKnownFileType = sourcecode.swift; path = Calendar.swift; sourceTree = "<group>"; };
		A1F8DB592982F81400A39C18 /* ResetPassword.swift */ = {isa = PBXFileReference; fileEncoding = 4; lastKnownFileType = sourcecode.swift; path = ResetPassword.swift; sourceTree = "<group>"; };
		A1F8DB7929947D9200A39C18 /* SettingsView.swift */ = {isa = PBXFileReference; fileEncoding = 4; lastKnownFileType = sourcecode.swift; path = SettingsView.swift; sourceTree = "<group>"; };
/* End PBXFileReference section */

/* Begin PBXFrameworksBuildPhase section */
		A160D680290446790017649C /* Frameworks */ = {
			isa = PBXFrameworksBuildPhase;
			buildActionMask = 2147483647;
			files = (
				3A4A11FC29A9B8B10026E07D /* FirebaseDatabase in Frameworks */,
				3A4A120A29A9B8B10026E07D /* FirebaseFunctionsCombine-Community in Frameworks */,
				3A4A120229A9B8B10026E07D /* FirebaseFirestore in Frameworks */,
				3A4A11EE29A9B8B10026E07D /* FirebaseAnalyticsSwift in Frameworks */,
				3A4A11EA29A9B8B10026E07D /* FirebaseAnalytics in Frameworks */,
				3A4A11EC29A9B8B10026E07D /* FirebaseAnalyticsOnDeviceConversion in Frameworks */,
				3A4A121229A9B8B10026E07D /* FirebaseMLModelDownloader in Frameworks */,
				3A4A120629A9B8B10026E07D /* FirebaseFirestoreSwift in Frameworks */,
				3A4A11F229A9B8B10026E07D /* FirebaseAppCheck in Frameworks */,
				3A4A11F029A9B8B10026E07D /* FirebaseAnalyticsWithoutAdIdSupport in Frameworks */,
				3A4A11F629A9B8B10026E07D /* FirebaseAuth in Frameworks */,
				3A4A11FA29A9B8B10026E07D /* FirebaseCrashlytics in Frameworks */,
				3A4A121A29A9B8B10026E07D /* FirebaseRemoteConfigSwift in Frameworks */,
				3A4A120C29A9B8B10026E07D /* FirebaseInAppMessaging-Beta in Frameworks */,
				3A4A11FE29A9B8B10026E07D /* FirebaseDatabaseSwift in Frameworks */,
				3A4A120829A9B8B10026E07D /* FirebaseFunctions in Frameworks */,
				3A4A121E29A9B8B10026E07D /* FirebaseStorageCombine-Community in Frameworks */,
				3A4A121829A9B8B10026E07D /* FirebaseRemoteConfig in Frameworks */,
				3A4A11F429A9B8B10026E07D /* FirebaseAppDistribution-Beta in Frameworks */,
				3A4A11F829A9B8B10026E07D /* FirebaseAuthCombine-Community in Frameworks */,
				3A4A121629A9B8B10026E07D /* FirebasePerformance in Frameworks */,
				3A4A120E29A9B8B10026E07D /* FirebaseInAppMessagingSwift-Beta in Frameworks */,
				3A4A121C29A9B8B10026E07D /* FirebaseStorage in Frameworks */,
				3A4A120029A9B8B10026E07D /* FirebaseDynamicLinks in Frameworks */,
				3A4A120429A9B8B10026E07D /* FirebaseFirestoreCombine-Community in Frameworks */,
				3A4A121429A9B8B10026E07D /* FirebaseMessaging in Frameworks */,
				3A4A121029A9B8B10026E07D /* FirebaseInstallations in Frameworks */,
			);
			runOnlyForDeploymentPostprocessing = 0;
		};
/* End PBXFrameworksBuildPhase section */

/* Begin PBXGroup section */
		3A335C1A29E65B56008BF209 /* Profile */ = {
			isa = PBXGroup;
			children = (
				A1661B112926E4240006B2DD /* ProfileView.swift */,
			);
			path = Profile;
			sourceTree = "<group>";
		};
		3A6341E52939200500A8D938 /* Message */ = {
			isa = PBXGroup;
			children = (
				A1661B132926E4240006B2DD /* MessageTab.swift */,
				3A6341E32939100500A8D938 /* ChatView.swift */,
			);
			path = Message;
			sourceTree = "<group>";
		};
		3A6341E6293920B000A8D938 /* Home */ = {
			isa = PBXGroup;
			children = (
				A1661B122926E4240006B2DD /* HomeTab.swift */,
			);
			path = Home;
			sourceTree = "<group>";
		};
		3ACEEB652995642600609E16 /* Side Menu View */ = {
			isa = PBXGroup;
			children = (
				A1F8DB7929947D9200A39C18 /* SettingsView.swift */,
				3ACEEB66299564CB00609E16 /* HelpPageView.swift */,
			);
			path = "Side Menu View";
			sourceTree = "<group>";
		};
		A160D67A290446790017649C = {
			isa = PBXGroup;
			children = (
				A160D685290446790017649C /* GimmeStats */,
				A160D684290446790017649C /* Products */,
			);
			sourceTree = "<group>";
		};
		A160D684290446790017649C /* Products */ = {
			isa = PBXGroup;
			children = (
				A160D683290446790017649C /* GimmeStats.app */,
			);
			name = Products;
			sourceTree = "<group>";
		};
		A160D685290446790017649C /* GimmeStats */ = {
			isa = PBXGroup;
			children = (
				A160D686290446790017649C /* GimmeStatsApp.swift */,
				3A2F2C3229DD1AA30050DB6C /* MainViewController.swift */,
				A160D694290446860017649C /* Model */,
				A160D695290446910017649C /* ViewModel */,
				A160D6962904469C0017649C /* View */,
				A160D68A2904467A0017649C /* Assets.xcassets */,
				A1661AC8291C4FD40006B2DD /* GoogleService-Info.plist */,
				A160D68C2904467A0017649C /* Preview Content */,
			);
			path = GimmeStats;
			sourceTree = "<group>";
		};
		A160D68C2904467A0017649C /* Preview Content */ = {
			isa = PBXGroup;
			children = (
				A160D68D2904467A0017649C /* Preview Assets.xcassets */,
			);
			path = "Preview Content";
			sourceTree = "<group>";
		};
		A160D694290446860017649C /* Model */ = {
			isa = PBXGroup;
			children = (
				A132B530290449D4003C932E /* GimmeStats.swift */,
			);
			path = Model;
			sourceTree = "<group>";
		};
		A160D695290446910017649C /* ViewModel */ = {
			isa = PBXGroup;
			children = (
				A132B532290449F6003C932E /* GimmeStatsViewModel.swift */,
			);
			path = ViewModel;
			sourceTree = "<group>";
		};
		A160D6962904469C0017649C /* View */ = {
			isa = PBXGroup;
			children = (
				3ABCF25729F1F95000F68454 /* Baseball.swift */,
				3ABCF25929F1F95000F68454 /* Basketball.swift */,
				3ABCF25529F1F95000F68454 /* Golf.swift */,
				3ABCF25429F1F95000F68454 /* Lacrosse.swift */,
				3ABCF25229F1F95000F68454 /* Soccer.swift */,
				3ABCF25629F1F95000F68454 /* Softball.swift */,
				3ABCF25329F1F95000F68454 /* SportsTemplateView.swift */,
				3ABCF25829F1F95000F68454 /* Tennis.swift */,
				A132B52E290448B7003C932E /* GimmeStatsView.swift */,
				A1661AC22912D4F10006B2DD /* View.swift */,
				A1661B222926E6190006B2DD /* Authentication Views */,
				A1661B262926E68C0006B2DD /* Profile Views */,
				A1661B0F2926E2530006B2DD /* Feed Views */,
				3ABCF24229F1F27400F68454 /* Template Views */,
			);
			path = View;
			sourceTree = "<group>";
		};
		A1661B0F2926E2530006B2DD /* Feed Views */ = {
			isa = PBXGroup;
			children = (
				A1661B142926E4240006B2DD /* FeedView.swift */,
				A1661B1E2926E49C0006B2DD /* SideMenu.swift */,
				A1661B1F2926E49C0006B2DD /* TabNavigation.swift */,
				A1661B152926E4240006B2DD /* MenuView.swift */,
				3ACEEB652995642600609E16 /* Side Menu View */,
				A1661B28292B00F20006B2DD /* Feed Tab Views */,
			);
			path = "Feed Views";
			sourceTree = "<group>";
		};
		A1661B222926E6190006B2DD /* Authentication Views */ = {
			isa = PBXGroup;
			children = (
				A1661B0B291DA24F0006B2DD /* DataManager.swift */,
				3A95752829C2E83100C91382 /* UserStateViewModel.swift */,
				A160D6972904471E0017649C /* InitialView.swift */,
				A1661AC429135C010006B2DD /* LoginView.swift */,
				3ABCF26229F1FA3F00F68454 /* CreateAccountView.swift */,
				A1F8DB592982F81400A39C18 /* ResetPassword.swift */,
			);
			path = "Authentication Views";
			sourceTree = "<group>";
		};
		A1661B262926E68C0006B2DD /* Profile Views */ = {
			isa = PBXGroup;
			children = (
				A132B53429044BB2003C932E /* AthleteProfileViewLayout.swift */,
				A132B53629044BC5003C932E /* CoachProfileView.swift */,
			);
			path = "Profile Views";
			sourceTree = "<group>";
		};
		A1661B28292B00F20006B2DD /* Feed Tab Views */ = {
			isa = PBXGroup;
			children = (
				3A6341E6293920B000A8D938 /* Home */,
				3A6341E52939200500A8D938 /* Message */,
				3A335C1A29E65B56008BF209 /* Profile */,
				A1661B30292B20180006B2DD /* Calendar.swift */,
				3A79AFC929B021D4002E0F6A /* NewEventTemplate.swift */,
			);
			path = "Feed Tab Views";
			sourceTree = "<group>";
		};
/* End PBXGroup section */

/* Begin PBXNativeTarget section */
		A160D682290446790017649C /* GimmeStats */ = {
			isa = PBXNativeTarget;
			buildConfigurationList = A160D6912904467A0017649C /* Build configuration list for PBXNativeTarget "GimmeStats" */;
			buildPhases = (
				A160D67F290446790017649C /* Sources */,
				A160D680290446790017649C /* Frameworks */,
				A160D681290446790017649C /* Resources */,
			);
			buildRules = (
			);
			dependencies = (
			);
			name = GimmeStats;
			packageProductDependencies = (
				3A4A11E929A9B8B10026E07D /* FirebaseAnalytics */,
				3A4A11EB29A9B8B10026E07D /* FirebaseAnalyticsOnDeviceConversion */,
				3A4A11ED29A9B8B10026E07D /* FirebaseAnalyticsSwift */,
				3A4A11EF29A9B8B10026E07D /* FirebaseAnalyticsWithoutAdIdSupport */,
				3A4A11F129A9B8B10026E07D /* FirebaseAppCheck */,
				3A4A11F329A9B8B10026E07D /* FirebaseAppDistribution-Beta */,
				3A4A11F529A9B8B10026E07D /* FirebaseAuth */,
				3A4A11F729A9B8B10026E07D /* FirebaseAuthCombine-Community */,
				3A4A11F929A9B8B10026E07D /* FirebaseCrashlytics */,
				3A4A11FB29A9B8B10026E07D /* FirebaseDatabase */,
				3A4A11FD29A9B8B10026E07D /* FirebaseDatabaseSwift */,
				3A4A11FF29A9B8B10026E07D /* FirebaseDynamicLinks */,
				3A4A120129A9B8B10026E07D /* FirebaseFirestore */,
				3A4A120329A9B8B10026E07D /* FirebaseFirestoreCombine-Community */,
				3A4A120529A9B8B10026E07D /* FirebaseFirestoreSwift */,
				3A4A120729A9B8B10026E07D /* FirebaseFunctions */,
				3A4A120929A9B8B10026E07D /* FirebaseFunctionsCombine-Community */,
				3A4A120B29A9B8B10026E07D /* FirebaseInAppMessaging-Beta */,
				3A4A120D29A9B8B10026E07D /* FirebaseInAppMessagingSwift-Beta */,
				3A4A120F29A9B8B10026E07D /* FirebaseInstallations */,
				3A4A121129A9B8B10026E07D /* FirebaseMLModelDownloader */,
				3A4A121329A9B8B10026E07D /* FirebaseMessaging */,
				3A4A121529A9B8B10026E07D /* FirebasePerformance */,
				3A4A121729A9B8B10026E07D /* FirebaseRemoteConfig */,
				3A4A121929A9B8B10026E07D /* FirebaseRemoteConfigSwift */,
				3A4A121B29A9B8B10026E07D /* FirebaseStorage */,
				3A4A121D29A9B8B10026E07D /* FirebaseStorageCombine-Community */,
			);
			productName = GimmeStats;
			productReference = A160D683290446790017649C /* GimmeStats.app */;
			productType = "com.apple.product-type.application";
		};
/* End PBXNativeTarget section */

/* Begin PBXProject section */
		A160D67B290446790017649C /* Project object */ = {
			isa = PBXProject;
			attributes = {
				BuildIndependentTargetsInParallel = 1;
				LastSwiftUpdateCheck = 1400;
				LastUpgradeCheck = 1400;
				TargetAttributes = {
					A160D682290446790017649C = {
						CreatedOnToolsVersion = 14.0.1;
					};
				};
			};
			buildConfigurationList = A160D67E290446790017649C /* Build configuration list for PBXProject "GimmeStats" */;
			compatibilityVersion = "Xcode 14.0";
			developmentRegion = en;
			hasScannedForEncodings = 0;
			knownRegions = (
				en,
				Base,
			);
			mainGroup = A160D67A290446790017649C;
			packageReferences = (
				3A4A11E829A9B8B10026E07D /* XCRemoteSwiftPackageReference "firebase-ios-sdk" */,
			);
			productRefGroup = A160D684290446790017649C /* Products */;
			projectDirPath = "";
			projectRoot = "";
			targets = (
				A160D682290446790017649C /* GimmeStats */,
			);
		};
/* End PBXProject section */

/* Begin PBXResourcesBuildPhase section */
		A160D681290446790017649C /* Resources */ = {
			isa = PBXResourcesBuildPhase;
			buildActionMask = 2147483647;
			files = (
				3ABCF24329F1F27400F68454 /* Template Views in Resources */,
				A160D68E2904467A0017649C /* Preview Assets.xcassets in Resources */,
				A160D68B2904467A0017649C /* Assets.xcassets in Resources */,
				A1661AC9291C4FD40006B2DD /* GoogleService-Info.plist in Resources */,
			);
			runOnlyForDeploymentPostprocessing = 0;
		};
/* End PBXResourcesBuildPhase section */

/* Begin PBXSourcesBuildPhase section */
		A160D67F290446790017649C /* Sources */ = {
			isa = PBXSourcesBuildPhase;
			buildActionMask = 2147483647;
			files = (
				A132B52F290448B7003C932E /* GimmeStatsView.swift in Sources */,
				3ABCF25B29F1F95000F68454 /* SportsTemplateView.swift in Sources */,
				A132B531290449D4003C932E /* GimmeStats.swift in Sources */,
				A1661B1C2926E4240006B2DD /* MenuView.swift in Sources */,
				3A6341E42939100600A8D938 /* ChatView.swift in Sources */,
				A1661B1A2926E4240006B2DD /* MessageTab.swift in Sources */,
				3ABCF26029F1F95000F68454 /* Tennis.swift in Sources */,
				A132B53529044BB2003C932E /* AthleteProfileViewLayout.swift in Sources */,
				3A95752929C2E83100C91382 /* UserStateViewModel.swift in Sources */,
				A1661B212926E49C0006B2DD /* TabNavigation.swift in Sources */,
				A160D6982904471E0017649C /* InitialView.swift in Sources */,
				A1661B202926E49C0006B2DD /* SideMenu.swift in Sources */,
				3A2F2C3329DD1AA30050DB6C /* MainViewController.swift in Sources */,
				3ABCF25C29F1F95000F68454 /* Lacrosse.swift in Sources */,
				A132B53729044BC5003C932E /* CoachProfileView.swift in Sources */,
				A1F8DB5A2982F81400A39C18 /* ResetPassword.swift in Sources */,
				A1661AC32912D4F10006B2DD /* View.swift in Sources */,
				A1F8DB7A29947D9300A39C18 /* SettingsView.swift in Sources */,
				3ABCF26129F1F95000F68454 /* Basketball.swift in Sources */,
				A1661B182926E4240006B2DD /* ProfileView.swift in Sources */,
				3ABCF25A29F1F95000F68454 /* Soccer.swift in Sources */,
				A132B533290449F6003C932E /* GimmeStatsViewModel.swift in Sources */,
				A1661B31292B20180006B2DD /* Calendar.swift in Sources */,
				3ACEEB67299564CC00609E16 /* HelpPageView.swift in Sources */,
				3ABCF26329F1FA3F00F68454 /* CreateAccountView.swift in Sources */,
				A1661AC529135C010006B2DD /* LoginView.swift in Sources */,
				3ABCF25E29F1F95000F68454 /* Softball.swift in Sources */,
				A1661B0C291DA24F0006B2DD /* DataManager.swift in Sources */,
				A1661B1B2926E4240006B2DD /* FeedView.swift in Sources */,
				3A79AFCA29B021D4002E0F6A /* NewEventTemplate.swift in Sources */,
				3ABCF25D29F1F95000F68454 /* Golf.swift in Sources */,
				A160D687290446790017649C /* GimmeStatsApp.swift in Sources */,
				A1661B192926E4240006B2DD /* HomeTab.swift in Sources */,
				3ABCF25F29F1F95000F68454 /* Baseball.swift in Sources */,
			);
			runOnlyForDeploymentPostprocessing = 0;
		};
/* End PBXSourcesBuildPhase section */

/* Begin XCBuildConfiguration section */
		A160D68F2904467A0017649C /* Debug */ = {
			isa = XCBuildConfiguration;
			buildSettings = {
				ALWAYS_SEARCH_USER_PATHS = NO;
				CLANG_ANALYZER_NONNULL = YES;
				CLANG_ANALYZER_NUMBER_OBJECT_CONVERSION = YES_AGGRESSIVE;
				CLANG_CXX_LANGUAGE_STANDARD = "gnu++20";
				CLANG_ENABLE_MODULES = YES;
				CLANG_ENABLE_OBJC_ARC = YES;
				CLANG_ENABLE_OBJC_WEAK = YES;
				CLANG_WARN_BLOCK_CAPTURE_AUTORELEASING = YES;
				CLANG_WARN_BOOL_CONVERSION = YES;
				CLANG_WARN_COMMA = YES;
				CLANG_WARN_CONSTANT_CONVERSION = YES;
				CLANG_WARN_DEPRECATED_OBJC_IMPLEMENTATIONS = YES;
				CLANG_WARN_DIRECT_OBJC_ISA_USAGE = YES_ERROR;
				CLANG_WARN_DOCUMENTATION_COMMENTS = YES;
				CLANG_WARN_EMPTY_BODY = YES;
				CLANG_WARN_ENUM_CONVERSION = YES;
				CLANG_WARN_INFINITE_RECURSION = YES;
				CLANG_WARN_INT_CONVERSION = YES;
				CLANG_WARN_NON_LITERAL_NULL_CONVERSION = YES;
				CLANG_WARN_OBJC_IMPLICIT_RETAIN_SELF = YES;
				CLANG_WARN_OBJC_LITERAL_CONVERSION = YES;
				CLANG_WARN_OBJC_ROOT_CLASS = YES_ERROR;
				CLANG_WARN_QUOTED_INCLUDE_IN_FRAMEWORK_HEADER = YES;
				CLANG_WARN_RANGE_LOOP_ANALYSIS = YES;
				CLANG_WARN_STRICT_PROTOTYPES = YES;
				CLANG_WARN_SUSPICIOUS_MOVE = YES;
				CLANG_WARN_UNGUARDED_AVAILABILITY = YES_AGGRESSIVE;
				CLANG_WARN_UNREACHABLE_CODE = YES;
				CLANG_WARN__DUPLICATE_METHOD_MATCH = YES;
				COPY_PHASE_STRIP = NO;
				DEBUG_INFORMATION_FORMAT = dwarf;
				ENABLE_STRICT_OBJC_MSGSEND = YES;
				ENABLE_TESTABILITY = YES;
				GCC_C_LANGUAGE_STANDARD = gnu11;
				GCC_DYNAMIC_NO_PIC = NO;
				GCC_NO_COMMON_BLOCKS = YES;
				GCC_OPTIMIZATION_LEVEL = 0;
				GCC_PREPROCESSOR_DEFINITIONS = (
					"DEBUG=1",
					"$(inherited)",
				);
				GCC_WARN_64_TO_32_BIT_CONVERSION = YES;
				GCC_WARN_ABOUT_RETURN_TYPE = YES_ERROR;
				GCC_WARN_UNDECLARED_SELECTOR = YES;
				GCC_WARN_UNINITIALIZED_AUTOS = YES_AGGRESSIVE;
				GCC_WARN_UNUSED_FUNCTION = YES;
				GCC_WARN_UNUSED_VARIABLE = YES;
				IPHONEOS_DEPLOYMENT_TARGET = 16.0;
				MTL_ENABLE_DEBUG_INFO = INCLUDE_SOURCE;
				MTL_FAST_MATH = YES;
				ONLY_ACTIVE_ARCH = YES;
				SDKROOT = iphoneos;
				SWIFT_ACTIVE_COMPILATION_CONDITIONS = DEBUG;
				SWIFT_OPTIMIZATION_LEVEL = "-Onone";
			};
			name = Debug;
		};
		A160D6902904467A0017649C /* Release */ = {
			isa = XCBuildConfiguration;
			buildSettings = {
				ALWAYS_SEARCH_USER_PATHS = NO;
				CLANG_ANALYZER_NONNULL = YES;
				CLANG_ANALYZER_NUMBER_OBJECT_CONVERSION = YES_AGGRESSIVE;
				CLANG_CXX_LANGUAGE_STANDARD = "gnu++20";
				CLANG_ENABLE_MODULES = YES;
				CLANG_ENABLE_OBJC_ARC = YES;
				CLANG_ENABLE_OBJC_WEAK = YES;
				CLANG_WARN_BLOCK_CAPTURE_AUTORELEASING = YES;
				CLANG_WARN_BOOL_CONVERSION = YES;
				CLANG_WARN_COMMA = YES;
				CLANG_WARN_CONSTANT_CONVERSION = YES;
				CLANG_WARN_DEPRECATED_OBJC_IMPLEMENTATIONS = YES;
				CLANG_WARN_DIRECT_OBJC_ISA_USAGE = YES_ERROR;
				CLANG_WARN_DOCUMENTATION_COMMENTS = YES;
				CLANG_WARN_EMPTY_BODY = YES;
				CLANG_WARN_ENUM_CONVERSION = YES;
				CLANG_WARN_INFINITE_RECURSION = YES;
				CLANG_WARN_INT_CONVERSION = YES;
				CLANG_WARN_NON_LITERAL_NULL_CONVERSION = YES;
				CLANG_WARN_OBJC_IMPLICIT_RETAIN_SELF = YES;
				CLANG_WARN_OBJC_LITERAL_CONVERSION = YES;
				CLANG_WARN_OBJC_ROOT_CLASS = YES_ERROR;
				CLANG_WARN_QUOTED_INCLUDE_IN_FRAMEWORK_HEADER = YES;
				CLANG_WARN_RANGE_LOOP_ANALYSIS = YES;
				CLANG_WARN_STRICT_PROTOTYPES = YES;
				CLANG_WARN_SUSPICIOUS_MOVE = YES;
				CLANG_WARN_UNGUARDED_AVAILABILITY = YES_AGGRESSIVE;
				CLANG_WARN_UNREACHABLE_CODE = YES;
				CLANG_WARN__DUPLICATE_METHOD_MATCH = YES;
				COPY_PHASE_STRIP = NO;
				DEBUG_INFORMATION_FORMAT = "dwarf-with-dsym";
				ENABLE_NS_ASSERTIONS = NO;
				ENABLE_STRICT_OBJC_MSGSEND = YES;
				GCC_C_LANGUAGE_STANDARD = gnu11;
				GCC_NO_COMMON_BLOCKS = YES;
				GCC_WARN_64_TO_32_BIT_CONVERSION = YES;
				GCC_WARN_ABOUT_RETURN_TYPE = YES_ERROR;
				GCC_WARN_UNDECLARED_SELECTOR = YES;
				GCC_WARN_UNINITIALIZED_AUTOS = YES_AGGRESSIVE;
				GCC_WARN_UNUSED_FUNCTION = YES;
				GCC_WARN_UNUSED_VARIABLE = YES;
				IPHONEOS_DEPLOYMENT_TARGET = 16.0;
				MTL_ENABLE_DEBUG_INFO = NO;
				MTL_FAST_MATH = YES;
				SDKROOT = iphoneos;
				SWIFT_COMPILATION_MODE = wholemodule;
				SWIFT_OPTIMIZATION_LEVEL = "-O";
				VALIDATE_PRODUCT = YES;
			};
			name = Release;
		};
		A160D6922904467A0017649C /* Debug */ = {
			isa = XCBuildConfiguration;
			buildSettings = {
				ASSETCATALOG_COMPILER_APPICON_NAME = AppIcon;
				ASSETCATALOG_COMPILER_GLOBAL_ACCENT_COLOR_NAME = AccentColor;
				CODE_SIGN_STYLE = Automatic;
				CURRENT_PROJECT_VERSION = 1;
				DEVELOPMENT_ASSET_PATHS = "\"GimmeStats/Preview Content\"";
				DEVELOPMENT_TEAM = 96899ZRD5T;
				ENABLE_PREVIEWS = YES;
				GENERATE_INFOPLIST_FILE = YES;
				INFOPLIST_KEY_UIApplicationSceneManifest_Generation = YES;
				INFOPLIST_KEY_UIApplicationSupportsIndirectInputEvents = YES;
				INFOPLIST_KEY_UILaunchScreen_Generation = YES;
				INFOPLIST_KEY_UISupportedInterfaceOrientations_iPad = "UIInterfaceOrientationPortrait UIInterfaceOrientationPortraitUpsideDown UIInterfaceOrientationLandscapeLeft UIInterfaceOrientationLandscapeRight";
				INFOPLIST_KEY_UISupportedInterfaceOrientations_iPhone = "UIInterfaceOrientationPortrait UIInterfaceOrientationLandscapeLeft UIInterfaceOrientationLandscapeRight";
				LD_RUNPATH_SEARCH_PATHS = (
					"$(inherited)",
					"@executable_path/Frameworks",
				);
				MARKETING_VERSION = 1.0;
				OTHER_LDFLAGS = "-ObjC";
				PRODUCT_BUNDLE_IDENTIFIER = christinaduvall.GimmeStats;
				PRODUCT_NAME = "$(TARGET_NAME)";
				SWIFT_EMIT_LOC_STRINGS = YES;
				SWIFT_VERSION = 5.0;
				TARGETED_DEVICE_FAMILY = "1,2";
			};
			name = Debug;
		};
		A160D6932904467A0017649C /* Release */ = {
			isa = XCBuildConfiguration;
			buildSettings = {
				ASSETCATALOG_COMPILER_APPICON_NAME = AppIcon;
				ASSETCATALOG_COMPILER_GLOBAL_ACCENT_COLOR_NAME = AccentColor;
				CODE_SIGN_STYLE = Automatic;
				CURRENT_PROJECT_VERSION = 1;
				DEVELOPMENT_ASSET_PATHS = "\"GimmeStats/Preview Content\"";
				DEVELOPMENT_TEAM = 96899ZRD5T;
				ENABLE_PREVIEWS = YES;
				GENERATE_INFOPLIST_FILE = YES;
				INFOPLIST_KEY_UIApplicationSceneManifest_Generation = YES;
				INFOPLIST_KEY_UIApplicationSupportsIndirectInputEvents = YES;
				INFOPLIST_KEY_UILaunchScreen_Generation = YES;
				INFOPLIST_KEY_UISupportedInterfaceOrientations_iPad = "UIInterfaceOrientationPortrait UIInterfaceOrientationPortraitUpsideDown UIInterfaceOrientationLandscapeLeft UIInterfaceOrientationLandscapeRight";
				INFOPLIST_KEY_UISupportedInterfaceOrientations_iPhone = "UIInterfaceOrientationPortrait UIInterfaceOrientationLandscapeLeft UIInterfaceOrientationLandscapeRight";
				LD_RUNPATH_SEARCH_PATHS = (
					"$(inherited)",
					"@executable_path/Frameworks",
				);
				MARKETING_VERSION = 1.0;
				OTHER_LDFLAGS = "-ObjC";
				PRODUCT_BUNDLE_IDENTIFIER = christinaduvall.GimmeStats;
				PRODUCT_NAME = "$(TARGET_NAME)";
				SWIFT_EMIT_LOC_STRINGS = YES;
				SWIFT_VERSION = 5.0;
				TARGETED_DEVICE_FAMILY = "1,2";
			};
			name = Release;
		};
/* End XCBuildConfiguration section */

/* Begin XCConfigurationList section */
		A160D67E290446790017649C /* Build configuration list for PBXProject "GimmeStats" */ = {
			isa = XCConfigurationList;
			buildConfigurations = (
				A160D68F2904467A0017649C /* Debug */,
				A160D6902904467A0017649C /* Release */,
			);
			defaultConfigurationIsVisible = 0;
			defaultConfigurationName = Release;
		};
		A160D6912904467A0017649C /* Build configuration list for PBXNativeTarget "GimmeStats" */ = {
			isa = XCConfigurationList;
			buildConfigurations = (
				A160D6922904467A0017649C /* Debug */,
				A160D6932904467A0017649C /* Release */,
			);
			defaultConfigurationIsVisible = 0;
			defaultConfigurationName = Release;
		};
/* End XCConfigurationList section */

/* Begin XCRemoteSwiftPackageReference section */
		3A4A11E829A9B8B10026E07D /* XCRemoteSwiftPackageReference "firebase-ios-sdk" */ = {
			isa = XCRemoteSwiftPackageReference;
			repositoryURL = "https://github.com/firebase/firebase-ios-sdk";
			requirement = {
				kind = upToNextMajorVersion;
				minimumVersion = 10.0.0;
			};
		};
/* End XCRemoteSwiftPackageReference section */

/* Begin XCSwiftPackageProductDependency section */
		3A4A11E929A9B8B10026E07D /* FirebaseAnalytics */ = {
			isa = XCSwiftPackageProductDependency;
			package = 3A4A11E829A9B8B10026E07D /* XCRemoteSwiftPackageReference "firebase-ios-sdk" */;
			productName = FirebaseAnalytics;
		};
		3A4A11EB29A9B8B10026E07D /* FirebaseAnalyticsOnDeviceConversion */ = {
			isa = XCSwiftPackageProductDependency;
			package = 3A4A11E829A9B8B10026E07D /* XCRemoteSwiftPackageReference "firebase-ios-sdk" */;
			productName = FirebaseAnalyticsOnDeviceConversion;
		};
		3A4A11ED29A9B8B10026E07D /* FirebaseAnalyticsSwift */ = {
			isa = XCSwiftPackageProductDependency;
			package = 3A4A11E829A9B8B10026E07D /* XCRemoteSwiftPackageReference "firebase-ios-sdk" */;
			productName = FirebaseAnalyticsSwift;
		};
		3A4A11EF29A9B8B10026E07D /* FirebaseAnalyticsWithoutAdIdSupport */ = {
			isa = XCSwiftPackageProductDependency;
			package = 3A4A11E829A9B8B10026E07D /* XCRemoteSwiftPackageReference "firebase-ios-sdk" */;
			productName = FirebaseAnalyticsWithoutAdIdSupport;
		};
		3A4A11F129A9B8B10026E07D /* FirebaseAppCheck */ = {
			isa = XCSwiftPackageProductDependency;
			package = 3A4A11E829A9B8B10026E07D /* XCRemoteSwiftPackageReference "firebase-ios-sdk" */;
			productName = FirebaseAppCheck;
		};
		3A4A11F329A9B8B10026E07D /* FirebaseAppDistribution-Beta */ = {
			isa = XCSwiftPackageProductDependency;
			package = 3A4A11E829A9B8B10026E07D /* XCRemoteSwiftPackageReference "firebase-ios-sdk" */;
			productName = "FirebaseAppDistribution-Beta";
		};
		3A4A11F529A9B8B10026E07D /* FirebaseAuth */ = {
			isa = XCSwiftPackageProductDependency;
			package = 3A4A11E829A9B8B10026E07D /* XCRemoteSwiftPackageReference "firebase-ios-sdk" */;
			productName = FirebaseAuth;
		};
		3A4A11F729A9B8B10026E07D /* FirebaseAuthCombine-Community */ = {
			isa = XCSwiftPackageProductDependency;
			package = 3A4A11E829A9B8B10026E07D /* XCRemoteSwiftPackageReference "firebase-ios-sdk" */;
			productName = "FirebaseAuthCombine-Community";
		};
		3A4A11F929A9B8B10026E07D /* FirebaseCrashlytics */ = {
			isa = XCSwiftPackageProductDependency;
			package = 3A4A11E829A9B8B10026E07D /* XCRemoteSwiftPackageReference "firebase-ios-sdk" */;
			productName = FirebaseCrashlytics;
		};
		3A4A11FB29A9B8B10026E07D /* FirebaseDatabase */ = {
			isa = XCSwiftPackageProductDependency;
			package = 3A4A11E829A9B8B10026E07D /* XCRemoteSwiftPackageReference "firebase-ios-sdk" */;
			productName = FirebaseDatabase;
		};
		3A4A11FD29A9B8B10026E07D /* FirebaseDatabaseSwift */ = {
			isa = XCSwiftPackageProductDependency;
			package = 3A4A11E829A9B8B10026E07D /* XCRemoteSwiftPackageReference "firebase-ios-sdk" */;
			productName = FirebaseDatabaseSwift;
		};
		3A4A11FF29A9B8B10026E07D /* FirebaseDynamicLinks */ = {
			isa = XCSwiftPackageProductDependency;
			package = 3A4A11E829A9B8B10026E07D /* XCRemoteSwiftPackageReference "firebase-ios-sdk" */;
			productName = FirebaseDynamicLinks;
		};
		3A4A120129A9B8B10026E07D /* FirebaseFirestore */ = {
			isa = XCSwiftPackageProductDependency;
			package = 3A4A11E829A9B8B10026E07D /* XCRemoteSwiftPackageReference "firebase-ios-sdk" */;
			productName = FirebaseFirestore;
		};
		3A4A120329A9B8B10026E07D /* FirebaseFirestoreCombine-Community */ = {
			isa = XCSwiftPackageProductDependency;
			package = 3A4A11E829A9B8B10026E07D /* XCRemoteSwiftPackageReference "firebase-ios-sdk" */;
			productName = "FirebaseFirestoreCombine-Community";
		};
		3A4A120529A9B8B10026E07D /* FirebaseFirestoreSwift */ = {
			isa = XCSwiftPackageProductDependency;
			package = 3A4A11E829A9B8B10026E07D /* XCRemoteSwiftPackageReference "firebase-ios-sdk" */;
			productName = FirebaseFirestoreSwift;
		};
		3A4A120729A9B8B10026E07D /* FirebaseFunctions */ = {
			isa = XCSwiftPackageProductDependency;
			package = 3A4A11E829A9B8B10026E07D /* XCRemoteSwiftPackageReference "firebase-ios-sdk" */;
			productName = FirebaseFunctions;
		};
		3A4A120929A9B8B10026E07D /* FirebaseFunctionsCombine-Community */ = {
			isa = XCSwiftPackageProductDependency;
			package = 3A4A11E829A9B8B10026E07D /* XCRemoteSwiftPackageReference "firebase-ios-sdk" */;
			productName = "FirebaseFunctionsCombine-Community";
		};
		3A4A120B29A9B8B10026E07D /* FirebaseInAppMessaging-Beta */ = {
			isa = XCSwiftPackageProductDependency;
			package = 3A4A11E829A9B8B10026E07D /* XCRemoteSwiftPackageReference "firebase-ios-sdk" */;
			productName = "FirebaseInAppMessaging-Beta";
		};
		3A4A120D29A9B8B10026E07D /* FirebaseInAppMessagingSwift-Beta */ = {
			isa = XCSwiftPackageProductDependency;
			package = 3A4A11E829A9B8B10026E07D /* XCRemoteSwiftPackageReference "firebase-ios-sdk" */;
			productName = "FirebaseInAppMessagingSwift-Beta";
		};
		3A4A120F29A9B8B10026E07D /* FirebaseInstallations */ = {
			isa = XCSwiftPackageProductDependency;
			package = 3A4A11E829A9B8B10026E07D /* XCRemoteSwiftPackageReference "firebase-ios-sdk" */;
			productName = FirebaseInstallations;
		};
		3A4A121129A9B8B10026E07D /* FirebaseMLModelDownloader */ = {
			isa = XCSwiftPackageProductDependency;
			package = 3A4A11E829A9B8B10026E07D /* XCRemoteSwiftPackageReference "firebase-ios-sdk" */;
			productName = FirebaseMLModelDownloader;
		};
		3A4A121329A9B8B10026E07D /* FirebaseMessaging */ = {
			isa = XCSwiftPackageProductDependency;
			package = 3A4A11E829A9B8B10026E07D /* XCRemoteSwiftPackageReference "firebase-ios-sdk" */;
			productName = FirebaseMessaging;
		};
		3A4A121529A9B8B10026E07D /* FirebasePerformance */ = {
			isa = XCSwiftPackageProductDependency;
			package = 3A4A11E829A9B8B10026E07D /* XCRemoteSwiftPackageReference "firebase-ios-sdk" */;
			productName = FirebasePerformance;
		};
		3A4A121729A9B8B10026E07D /* FirebaseRemoteConfig */ = {
			isa = XCSwiftPackageProductDependency;
			package = 3A4A11E829A9B8B10026E07D /* XCRemoteSwiftPackageReference "firebase-ios-sdk" */;
			productName = FirebaseRemoteConfig;
		};
		3A4A121929A9B8B10026E07D /* FirebaseRemoteConfigSwift */ = {
			isa = XCSwiftPackageProductDependency;
			package = 3A4A11E829A9B8B10026E07D /* XCRemoteSwiftPackageReference "firebase-ios-sdk" */;
			productName = FirebaseRemoteConfigSwift;
		};
		3A4A121B29A9B8B10026E07D /* FirebaseStorage */ = {
			isa = XCSwiftPackageProductDependency;
			package = 3A4A11E829A9B8B10026E07D /* XCRemoteSwiftPackageReference "firebase-ios-sdk" */;
			productName = FirebaseStorage;
		};
		3A4A121D29A9B8B10026E07D /* FirebaseStorageCombine-Community */ = {
			isa = XCSwiftPackageProductDependency;
			package = 3A4A11E829A9B8B10026E07D /* XCRemoteSwiftPackageReference "firebase-ios-sdk" */;
			productName = "FirebaseStorageCombine-Community";
		};
/* End XCSwiftPackageProductDependency section */
	};
	rootObject = A160D67B290446790017649C /* Project object */;
}
